{
  "name": "medium",
  "lockfileVersion": 3,
  "requires": true,
  "packages": {
    "": {
      "dependencies": {
        "common-blog-zod": "^1.0.0",
        "common1111111": "^1.1.0"
      }
    },
    "node_modules/common-blog-zod": {
      "version": "1.0.0",
      "resolved": "https://registry.npmjs.org/common-blog-zod/-/common-blog-zod-1.0.0.tgz",
      "integrity": "sha512-V6sBm/MijFBeS2LQN2Pv/lSIIuxqryJ9PamBC1EQTjsA+F3WW9LiaqfcGpjmN7C2kewudl1wXdVbee/lPdSkgw=="
    },
    "node_modules/common1111111": {
      "version": "1.1.0",
      "resolved": "https://registry.npmjs.org/common1111111/-/common1111111-1.1.0.tgz",
      "integrity": "sha512-RErodXmU+55qghUWkQQyZpsHqP0JkuJ2Lv0wBohQkzI46npOkNXMj3Kf4P20miMXbb09O0/SSJQ8lgk6eWWYZA==",
      "dependencies": {
        "zod": "^3.23.8"
      }
    },
    "node_modules/zod": {
      "version": "3.23.8",
      "resolved": "https://registry.npmjs.org/zod/-/zod-3.23.8.tgz",
      "integrity": "sha512-XBx9AXhXktjUqnepgTiE5flcKIYWi/rme0Eaj+5Y0lftuGBq+jyRu/md4WnuxqgP1ubdpNCsYEYPxrzVHD8d6g==",
      "funding": {
        "url": "https://github.com/sponsors/colinhacks"
      }
    }
  }
}
